
Microsoft Visual Studio Solution File, Format Version 12.00
Project("{FAE04EC0-301F-11D3-BF4B-00C04F79EFBC}") = "Tests", "Tests.csproj", "{2BB59C99-39D6-4BCF-BAD7-CC188555D2A3}"
EndProject
Project("{FAE04EC0-301F-11D3-BF4B-00C04F79EFBC}") = "Assembly-CSharp", "..\Game\Assembly-CSharp.csproj", "{DDFBC18F-9396-3137-9CFE-DEB2CDB74636}"
EndProject
Global
	GlobalSection(SolutionConfigurationPlatforms) = preSolution
		Debug|Any CPU = Debug|Any CPU
		Release|Any CPU = Release|Any CPU
	EndGlobalSection
	GlobalSection(ProjectConfigurationPlatforms) = postSolution
		{2BB59C99-39D6-4BCF-BAD7-CC188555D2A3}.Debug|Any CPU.ActiveCfg = Debug|Any CPU
		{2BB59C99-39D6-4BCF-BAD7-CC188555D2A3}.Debug|Any CPU.Build.0 = Debug|Any CPU
		{2BB59C99-39D6-4BCF-BAD7-CC188555D2A3}.Release|Any CPU.ActiveCfg = Release|Any CPU
		{2BB59C99-39D6-4BCF-BAD7-CC188555D2A3}.Release|Any CPU.Build.0 = Release|Any CPU
		{DDFBC18F-9396-3137-9CFE-DEB2CDB74636}.Debug|Any CPU.ActiveCfg = Debug|Any CPU
		{DDFBC18F-9396-3137-9CFE-DEB2CDB74636}.Debug|Any CPU.Build.0 = Debug|Any CPU
		{DDFBC18F-9396-3137-9CFE-DEB2CDB74636}.Release|Any CPU.ActiveCfg = Release|Any CPU
		{DDFBC18F-9396-3137-9CFE-DEB2CDB74636}.Release|Any CPU.Build.0 = Release|Any CPU
	EndGlobalSection
EndGlobal
